
Microsoft Visual Studio Solution File, Format Version 12.00
# Visual Studio Version 17
VisualStudioVersion = 17.6.33723.286
MinimumVisualStudioVersion = 10.0.40219.1
Project("{FAE04EC0-301F-11D3-BF4B-00C04F79EFBC}") = "MVCFoodShop", "MVCFoodShop\MVCFoodShop.csproj", "{89A419C0-0656-4100-9DC4-B86AB7F29373}"
EndProject
Global
	GlobalSection(SolutionConfigurationPlatforms) = preSolution
		Debug|Any CPU = Debug|Any CPU
		Release|Any CPU = Release|Any CPU
	EndGlobalSection
	GlobalSection(ProjectConfigurationPlatforms) = postSolution
		{89A419C0-0656-4100-9DC4-B86AB7F29373}.Debug|Any CPU.ActiveCfg = Debug|Any CPU
		{89A419C0-0656-4100-9DC4-B86AB7F29373}.Debug|Any CPU.Build.0 = Debug|Any CPU
		{89A419C0-0656-4100-9DC4-B86AB7F29373}.Release|Any CPU.ActiveCfg = Release|Any CPU
		{89A419C0-0656-4100-9DC4-B86AB7F29373}.Release|Any CPU.Build.0 = Release|Any CPU
	EndGlobalSection
	GlobalSection(SolutionProperties) = preSolution
		HideSolutionNode = FALSE
	EndGlobalSection
	GlobalSection(ExtensibilityGlobals) = postSolution
		SolutionGuid = {0A963ABF-3440-49C2-82C3-E2AFF34BD940}
	EndGlobalSection
EndGlobal
